
Microsoft Visual Studio Solution File, Format Version 12.00
# Visual Studio 15
VisualStudioVersion = 15.0.28307.421
MinimumVisualStudioVersion = 10.0.40219.1
Project("{888888A0-9F3D-457C-B088-3A5042F75D52}") = "Playing with OrientDB", "Playing with OrientDB\Playing with OrientDB.pyproj", "{A55EBFA1-F6F5-4365-BB5B-20056D84438B}"
EndProject
Global
	GlobalSection(SolutionConfigurationPlatforms) = preSolution
		Debug|Any CPU = Debug|Any CPU
		Release|Any CPU = Release|Any CPU
	EndGlobalSection
	GlobalSection(ProjectConfigurationPlatforms) = postSolution
		{A55EBFA1-F6F5-4365-BB5B-20056D84438B}.Debug|Any CPU.ActiveCfg = Debug|Any CPU
		{A55EBFA1-F6F5-4365-BB5B-20056D84438B}.Release|Any CPU.ActiveCfg = Release|Any CPU
	EndGlobalSection
	GlobalSection(SolutionProperties) = preSolution
		HideSolutionNode = FALSE
	EndGlobalSection
	GlobalSection(ExtensibilityGlobals) = postSolution
		SolutionGuid = {64CDE7C3-119E-4C43-90D8-98210247BCD7}
	EndGlobalSection
EndGlobal
